
Microsoft Visual Studio Solution File, Format Version 12.00
# Visual Studio Version 17
VisualStudioVersion = 17.14.36221.1 d17.14
MinimumVisualStudioVersion = 10.0.40219.1
Project("{FAE04EC0-301F-11D3-BF4B-00C04F79EFBC}") = "gymwebproject", "gymwebproject\gymwebproject.csproj", "{46B00732-B0D2-4E6B-856D-EC541766ABE4}"
EndProject
Global
	GlobalSection(SolutionConfigurationPlatforms) = preSolution
		Debug|Any CPU = Debug|Any CPU
		Release|Any CPU = Release|Any CPU
	EndGlobalSection
	GlobalSection(ProjectConfigurationPlatforms) = postSolution
		{46B00732-B0D2-4E6B-856D-EC541766ABE4}.Debug|Any CPU.ActiveCfg = Debug|Any CPU
		{46B00732-B0D2-4E6B-856D-EC541766ABE4}.Debug|Any CPU.Build.0 = Debug|Any CPU
		{46B00732-B0D2-4E6B-856D-EC541766ABE4}.Release|Any CPU.ActiveCfg = Release|Any CPU
		{46B00732-B0D2-4E6B-856D-EC541766ABE4}.Release|Any CPU.Build.0 = Release|Any CPU
	EndGlobalSection
	GlobalSection(SolutionProperties) = preSolution
		HideSolutionNode = FALSE
	EndGlobalSection
	GlobalSection(ExtensibilityGlobals) = postSolution
		SolutionGuid = {0BB1469B-DA0C-4445-8343-EC4F3993B914}
	EndGlobalSection
EndGlobal
